#
# This file is autogenerated by pip-compile with Python 3.12
# by the following command:
#
#    pip-compile --output-file=requirements.lock requirements.in
#
aiodns==4.0.0
    # via ccxt
aiohappyeyeballs==2.6.1
    # via aiohttp
aiohttp==3.14.1
    # via
    #   -r requirements.in
    #   ccxt
aiosignal==1.4.0
    # via aiohttp
alembic==1.18.4
    # via optuna
annotated-doc==0.0.4
    # via fastapi
annotated-types==0.7.0
    # via pydantic
anyio==4.13.0
    # via starlette
attrs==26.1.0
    # via aiohttp
ccxt==4.5.51
    # via -r requirements.in
certifi==2026.4.22
    # via
    #   ccxt
    #   requests
cffi==2.0.0
    # via
    #   cryptography
    #   pycares
charset-normalizer==3.4.7
    # via requests
click==8.4.1
    # via uvicorn
coincurve==21.0.0
    # via ccxt
colorlog==6.10.1
    # via optuna
cryptography==49.0.0
    # via
    #   -r requirements.in
    #   ccxt
fastapi==0.136.3
    # via -r requirements.in
frozenlist==1.8.0
    # via
    #   aiohttp
    #   aiosignal
greenlet==3.5.0
    # via sqlalchemy
h11==0.16.0
    # via uvicorn
hmmlearn==0.3.3
    # via -r requirements.in
idna==3.15
    # via
    #   anyio
    #   requests
    #   yarl
imbalanced-learn==0.14.1
    # via -r requirements.in
joblib==1.5.3
    # via
    #   imbalanced-learn
    #   scikit-learn
lightgbm==4.6.0
    # via -r requirements.in
llvmlite==0.44.0
    # via numba
mako==1.3.12
    # via alembic
markdown-it-py==4.0.0
    # via rich
markupsafe==3.0.3
    # via mako
mdurl==0.1.2
    # via markdown-it-py
multidict==6.7.1
    # via
    #   aiohttp
    #   yarl
numba==0.61.2
    # via pandas-ta
numpy==2.2.6
    # via
    #   hmmlearn
    #   imbalanced-learn
    #   lightgbm
    #   numba
    #   optuna
    #   pandas
    #   pandas-ta
    #   scikit-learn
    #   scipy
    #   ta
    #   xgboost
nvidia-nccl-cu12==2.30.4
    # via xgboost
optuna==4.8.0
    # via -r requirements.in
packaging==26.2
    # via optuna
pandas==3.0.2
    # via
    #   -r requirements.in
    #   pandas-ta
    #   ta
pandas-ta==0.4.71b0
    # via -r requirements.in
propcache==0.4.1
    # via
    #   aiohttp
    #   yarl
pyarrow==24.0.0
    # via -r requirements.in
pycares==5.0.1
    # via aiodns
pycparser==3.0
    # via cffi
pydantic==2.13.4
    # via fastapi
pydantic-core==2.46.4
    # via pydantic
pygments==2.20.0
    # via rich
python-dateutil==2.9.0.post0
    # via pandas
python-dotenv==1.2.2
    # via -r requirements.in
pyyaml==6.0.3
    # via optuna
requests==2.33.1
    # via
    #   -r requirements.in
    #   ccxt
rich==15.0.0
    # via -r requirements.in
scikit-learn==1.8.0
    # via
    #   -r requirements.in
    #   hmmlearn
    #   imbalanced-learn
    #   sklearn-compat
scipy==1.17.1
    # via
    #   hmmlearn
    #   imbalanced-learn
    #   lightgbm
    #   scikit-learn
    #   xgboost
six==1.17.0
    # via python-dateutil
sklearn-compat==0.1.5
    # via imbalanced-learn
sqlalchemy==2.0.49
    # via
    #   alembic
    #   optuna
starlette==1.3.1
    # via
    #   -r requirements.in
    #   fastapi
ta==0.11.0
    # via -r requirements.in
threadpoolctl==3.6.0
    # via
    #   imbalanced-learn
    #   scikit-learn
tqdm==4.67.3
    # via
    #   optuna
    #   pandas-ta
typing-extensions==4.15.0
    # via
    #   aiohttp
    #   aiosignal
    #   alembic
    #   anyio
    #   ccxt
    #   fastapi
    #   pydantic
    #   pydantic-core
    #   sqlalchemy
    #   starlette
    #   typing-inspection
typing-inspection==0.4.2
    # via
    #   fastapi
    #   pydantic
urllib3==2.7.0
    # via requests
uvicorn==0.49.0
    # via -r requirements.in
websocket-client==1.9.0
    # via -r requirements.in
websockets==16.0
    # via -r requirements.in
xgboost==3.2.0
    # via -r requirements.in
yarl==1.23.0
    # via
    #   aiohttp
    #   ccxt

# The following packages are considered to be unsafe in a requirements file:
# setuptools
